{
  "name": "hanako-audio-player",
  "lockfileVersion": 3,
  "requires": true,
  "packages": {
    "": {
      "dependencies": {
        "@meting/core": "^1.6.1"
      }
    },
    "node_modules/@meting/core": {
      "version": "1.6.1",
      "resolved": "https://registry.npmmirror.com/@meting/core/-/core-1.6.1.tgz",
      "integrity": "sha512-6LPRZlZc8hUc0Jmg74tbMBLeoyXoyttPBLoNNpybLZ6GY+de95h9w3YQGh0yDwnrSivqcHMGZ5u5VJym5PdY1w==",
      "license": "MIT"
    }
  }
}
